<?xml version="1.0" encoding="utf-8"?>
<Project ToolsVersion="4.0" xmlns="http://schemas.microsoft.com/developer/msbuild/2003">
  <ItemGroup>
    <Filter Include="Source Files">
      <UniqueIdentifier>{4FC737F1-C7A5-4376-A066-2A32D752A2FF}</UniqueIdentifier>
      <Extensions>cpp;c;cc;cxx;def;odl;idl;hpj;bat;asm;asmx</Extensions>
    </Filter>
    <Filter Include="Header Files">
      <UniqueIdentifier>{93995380-89BD-4b04-88EB-625FBE52EBFB}</UniqueIdentifier>
      <Extensions>h;hpp;hxx;hm;inl;inc;xsd</Extensions>
    </Filter>
  </ItemGroup>
  <ItemGroup>
    <ClCompile Include="..\src\csparse\cs_add.c">
      <Filter>Source Files</Filter>
    </ClCompile>
    <ClCompile Include="..\src\csparse\cs_amd.c">
      <Filter>Source Files</Filter>
    </ClCompile>
    <ClCompile Include="..\src\csparse\cs_chol.c">
      <Filter>Source Files</Filter>
    </ClCompile>
    <ClCompile Include="..\src\csparse\cs_cholsol.c">
      <Filter>Source Files</Filter>
    </ClCompile>
    <ClCompile Include="..\src\csparse\cs_compress.c">
      <Filter>Source Files</Filter>
    </ClCompile>
    <ClCompile Include="..\src\csparse\cs_counts.c">
      <Filter>Source Files</Filter>
    </ClCompile>
    <ClCompile Include="..\src\csparse\cs_cumsum.c">
      <Filter>Source Files</Filter>
    </ClCompile>
    <ClCompile Include="..\src\csparse\cs_dfs.c">
      <Filter>Source Files</Filter>
    </ClCompile>
    <ClCompile Include="..\src\csparse\cs_dmperm.c">
      <Filter>Source Files</Filter>
    </ClCompile>
    <ClCompile Include="..\src\csparse\cs_droptol.c">
      <Filter>Source Files</Filter>
    </ClCompile>
    <ClCompile Include="..\src\csparse\cs_dropzeros.c">
      <Filter>Source Files</Filter>
    </ClCompile>
    <ClCompile Include="..\src\csparse\cs_dupl.c">
      <Filter>Source Files</Filter>
    </ClCompile>
    <ClCompile Include="..\src\csparse\cs_entry.c">
      <Filter>Source Files</Filter>
    </ClCompile>
    <ClCompile Include="..\src\csparse\cs_ereach.c">
      <Filter>Source Files</Filter>
    </ClCompile>
    <ClCompile Include="..\src\csparse\cs_etree.c">
      <Filter>Source Files</Filter>
    </ClCompile>
    <ClCompile Include="..\src\csparse\cs_fkeep.c">
      <Filter>Source Files</Filter>
    </ClCompile>
    <ClCompile Include="..\src\csparse\cs_gaxpy.c">
      <Filter>Source Files</Filter>
    </ClCompile>
    <ClCompile Include="..\src\csparse\cs_happly.c">
      <Filter>Source Files</Filter>
    </ClCompile>
    <ClCompile Include="..\src\csparse\cs_house.c">
      <Filter>Source Files</Filter>
    </ClCompile>
    <ClCompile Include="..\src\csparse\cs_ipvec.c">
      <Filter>Source Files</Filter>
    </ClCompile>
    <ClCompile Include="..\src\csparse\cs_leaf.c">
      <Filter>Source Files</Filter>
    </ClCompile>
    <ClCompile Include="..\src\csparse\cs_load.c">
      <Filter>Source Files</Filter>
    </ClCompile>
    <ClCompile Include="..\src\csparse\cs_lsolve.c">
      <Filter>Source Files</Filter>
    </ClCompile>
    <ClCompile Include="..\src\csparse\cs_ltsolve.c">
      <Filter>Source Files</Filter>
    </ClCompile>
    <ClCompile Include="..\src\csparse\cs_lu.c">
      <Filter>Source Files</Filter>
    </ClCompile>
    <ClCompile Include="..\src\csparse\cs_lusol.c">
      <Filter>Source Files</Filter>
    </ClCompile>
    <ClCompile Include="..\src\csparse\cs_malloc.c">
      <Filter>Source Files</Filter>
    </ClCompile>
    <ClCompile Include="..\src\csparse\cs_maxtrans.c">
      <Filter>Source Files</Filter>
    </ClCompile>
    <ClCompile Include="..\src\csparse\cs_multiply.c">
      <Filter>Source Files</Filter>
    </ClCompile>
    <ClCompile Include="..\src\csparse\cs_norm.c">
      <Filter>Source Files</Filter>
    </ClCompile>
    <ClCompile Include="..\src\csparse\cs_permute.c">
      <Filter>Source Files</Filter>
    </ClCompile>
    <ClCompile Include="..\src\csparse\cs_pinv.c">
      <Filter>Source Files</Filter>
    </ClCompile>
    <ClCompile Include="..\src\csparse\cs_post.c">
      <Filter>Source Files</Filter>
    </ClCompile>
    <ClCompile Include="..\src\csparse\cs_print.c">
      <Filter>Source Files</Filter>
    </ClCompile>
    <ClCompile Include="..\src\csparse\cs_pvec.c">
      <Filter>Source Files</Filter>
    </ClCompile>
    <ClCompile Include="..\src\csparse\cs_qr.c">
      <Filter>Source Files</Filter>
    </ClCompile>
    <ClCompile Include="..\src\csparse\cs_qrsol.c">
      <Filter>Source Files</Filter>
    </ClCompile>
    <ClCompile Include="..\src\csparse\cs_randperm.c">
      <Filter>Source Files</Filter>
    </ClCompile>
    <ClCompile Include="..\src\csparse\cs_reach.c">
      <Filter>Source Files</Filter>
    </ClCompile>
    <ClCompile Include="..\src\csparse\cs_scatter.c">
      <Filter>Source Files</Filter>
    </ClCompile>
    <ClCompile Include="..\src\csparse\cs_scc.c">
      <Filter>Source Files</Filter>
    </ClCompile>
    <ClCompile Include="..\src\csparse\cs_schol.c">
      <Filter>Source Files</Filter>
    </ClCompile>
    <ClCompile Include="..\src\csparse\cs_spsolve.c">
      <Filter>Source Files</Filter>
    </ClCompile>
    <ClCompile Include="..\src\csparse\cs_sqr.c">
      <Filter>Source Files</Filter>
    </ClCompile>
    <ClCompile Include="..\src\csparse\cs_symperm.c">
      <Filter>Source Files</Filter>
    </ClCompile>
    <ClCompile Include="..\src\csparse\cs_tdfs.c">
      <Filter>Source Files</Filter>
    </ClCompile>
    <ClCompile Include="..\src\csparse\cs_transpose.c">
      <Filter>Source Files</Filter>
    </ClCompile>
    <ClCompile Include="..\src\csparse\cs_updown.c">
      <Filter>Source Files</Filter>
    </ClCompile>
    <ClCompile Include="..\src\csparse\cs_usolve.c">
      <Filter>Source Files</Filter>
    </ClCompile>
    <ClCompile Include="..\src\csparse\cs_util.c">
      <Filter>Source Files</Filter>
    </ClCompile>
    <ClCompile Include="..\src\csparse\cs_utsolve.c">
      <Filter>Source Files</Filter>
    </ClCompile>
  </ItemGroup>
  <ItemGroup>
    <ClInclude Include="..\include\csparse\cs.h">
      <Filter>Header Files</Filter>
    </ClInclude>
    <ClInclude Include="..\include\csparse\cs.hpp">
      <Filter>Header Files</Filter>
    </ClInclude>
  </ItemGroup>
</Project>