<?xml version="1.0" encoding="utf-8"?>
<Project ToolsVersion="4.0" xmlns="http://schemas.microsoft.com/developer/msbuild/2003">
  <ItemGroup>
    <Filter Include="Source Files">
      <UniqueIdentifier>{4FC737F1-C7A5-4376-A066-2A32D752A2FF}</UniqueIdentifier>
      <Extensions>cpp;c;cc;cxx;def;odl;idl;hpj;bat;asm;asmx</Extensions>
    </Filter>
    <Filter Include="Header Files">
      <UniqueIdentifier>{93995380-89BD-4b04-88EB-625FBE52EBFB}</UniqueIdentifier>
      <Extensions>h;hpp;hxx;hm;inl;inc;xsd</Extensions>
    </Filter>
  </ItemGroup>
  <ItemGroup>
    <ClCompile Include="..\src\cxsparse\cs_add.c">
      <Filter>Source Files</Filter>
    </ClCompile>
    <ClCompile Include="..\src\cxsparse\cs_amd.c">
      <Filter>Source Files</Filter>
    </ClCompile>
    <ClCompile Include="..\src\cxsparse\cs_chol.c">
      <Filter>Source Files</Filter>
    </ClCompile>
    <ClCompile Include="..\src\cxsparse\cs_cholsol.c">
      <Filter>Source Files</Filter>
    </ClCompile>
    <ClCompile Include="..\src\cxsparse\cs_compress.c">
      <Filter>Source Files</Filter>
    </ClCompile>
    <ClCompile Include="..\src\cxsparse\cs_convert.c">
      <Filter>Source Files</Filter>
    </ClCompile>
    <ClCompile Include="..\src\cxsparse\cs_counts.c">
      <Filter>Source Files</Filter>
    </ClCompile>
    <ClCompile Include="..\src\cxsparse\cs_cumsum.c">
      <Filter>Source Files</Filter>
    </ClCompile>
    <ClCompile Include="..\src\cxsparse\cs_dfs.c">
      <Filter>Source Files</Filter>
    </ClCompile>
    <ClCompile Include="..\src\cxsparse\cs_dmperm.c">
      <Filter>Source Files</Filter>
    </ClCompile>
    <ClCompile Include="..\src\cxsparse\cs_droptol.c">
      <Filter>Source Files</Filter>
    </ClCompile>
    <ClCompile Include="..\src\cxsparse\cs_dropzeros.c">
      <Filter>Source Files</Filter>
    </ClCompile>
    <ClCompile Include="..\src\cxsparse\cs_dupl.c">
      <Filter>Source Files</Filter>
    </ClCompile>
    <ClCompile Include="..\src\cxsparse\cs_entry.c">
      <Filter>Source Files</Filter>
    </ClCompile>
    <ClCompile Include="..\src\cxsparse\cs_ereach.c">
      <Filter>Source Files</Filter>
    </ClCompile>
    <ClCompile Include="..\src\cxsparse\cs_etree.c">
      <Filter>Source Files</Filter>
    </ClCompile>
    <ClCompile Include="..\src\cxsparse\cs_fkeep.c">
      <Filter>Source Files</Filter>
    </ClCompile>
    <ClCompile Include="..\src\cxsparse\cs_gaxpy.c">
      <Filter>Source Files</Filter>
    </ClCompile>
    <ClCompile Include="..\src\cxsparse\cs_happly.c">
      <Filter>Source Files</Filter>
    </ClCompile>
    <ClCompile Include="..\src\cxsparse\cs_house.c">
      <Filter>Source Files</Filter>
    </ClCompile>
    <ClCompile Include="..\src\cxsparse\cs_ipvec.c">
      <Filter>Source Files</Filter>
    </ClCompile>
    <ClCompile Include="..\src\cxsparse\cs_leaf.c">
      <Filter>Source Files</Filter>
    </ClCompile>
    <ClCompile Include="..\src\cxsparse\cs_load.c">
      <Filter>Source Files</Filter>
    </ClCompile>
    <ClCompile Include="..\src\cxsparse\cs_lsolve.c">
      <Filter>Source Files</Filter>
    </ClCompile>
    <ClCompile Include="..\src\cxsparse\cs_ltsolve.c">
      <Filter>Source Files</Filter>
    </ClCompile>
    <ClCompile Include="..\src\cxsparse\cs_lu.c">
      <Filter>Source Files</Filter>
    </ClCompile>
    <ClCompile Include="..\src\cxsparse\cs_lusol.c">
      <Filter>Source Files</Filter>
    </ClCompile>
    <ClCompile Include="..\src\cxsparse\cs_malloc.c">
      <Filter>Source Files</Filter>
    </ClCompile>
    <ClCompile Include="..\src\cxsparse\cs_maxtrans.c">
      <Filter>Source Files</Filter>
    </ClCompile>
    <ClCompile Include="..\src\cxsparse\cs_multiply.c">
      <Filter>Source Files</Filter>
    </ClCompile>
    <ClCompile Include="..\src\cxsparse\cs_norm.c">
      <Filter>Source Files</Filter>
    </ClCompile>
    <ClCompile Include="..\src\cxsparse\cs_permute.c">
      <Filter>Source Files</Filter>
    </ClCompile>
    <ClCompile Include="..\src\cxsparse\cs_pinv.c">
      <Filter>Source Files</Filter>
    </ClCompile>
    <ClCompile Include="..\src\cxsparse\cs_post.c">
      <Filter>Source Files</Filter>
    </ClCompile>
    <ClCompile Include="..\src\cxsparse\cs_print.c">
      <Filter>Source Files</Filter>
    </ClCompile>
    <ClCompile Include="..\src\cxsparse\cs_pvec.c">
      <Filter>Source Files</Filter>
    </ClCompile>
    <ClCompile Include="..\src\cxsparse\cs_qr.c">
      <Filter>Source Files</Filter>
    </ClCompile>
    <ClCompile Include="..\src\cxsparse\cs_qrsol.c">
      <Filter>Source Files</Filter>
    </ClCompile>
    <ClCompile Include="..\src\cxsparse\cs_randperm.c">
      <Filter>Source Files</Filter>
    </ClCompile>
    <ClCompile Include="..\src\cxsparse\cs_reach.c">
      <Filter>Source Files</Filter>
    </ClCompile>
    <ClCompile Include="..\src\cxsparse\cs_scatter.c">
      <Filter>Source Files</Filter>
    </ClCompile>
    <ClCompile Include="..\src\cxsparse\cs_scc.c">
      <Filter>Source Files</Filter>
    </ClCompile>
    <ClCompile Include="..\src\cxsparse\cs_schol.c">
      <Filter>Source Files</Filter>
    </ClCompile>
    <ClCompile Include="..\src\cxsparse\cs_spsolve.c">
      <Filter>Source Files</Filter>
    </ClCompile>
    <ClCompile Include="..\src\cxsparse\cs_sqr.c">
      <Filter>Source Files</Filter>
    </ClCompile>
    <ClCompile Include="..\src\cxsparse\cs_symperm.c">
      <Filter>Source Files</Filter>
    </ClCompile>
    <ClCompile Include="..\src\cxsparse\cs_tdfs.c">
      <Filter>Source Files</Filter>
    </ClCompile>
    <ClCompile Include="..\src\cxsparse\cs_transpose.c">
      <Filter>Source Files</Filter>
    </ClCompile>
    <ClCompile Include="..\src\cxsparse\cs_updown.c">
      <Filter>Source Files</Filter>
    </ClCompile>
    <ClCompile Include="..\src\cxsparse\cs_usolve.c">
      <Filter>Source Files</Filter>
    </ClCompile>
    <ClCompile Include="..\src\cxsparse\cs_util.c">
      <Filter>Source Files</Filter>
    </ClCompile>
    <ClCompile Include="..\src\cxsparse\cs_utsolve.c">
      <Filter>Source Files</Filter>
    </ClCompile>
  </ItemGroup>
  <ItemGroup>
    <ClInclude Include="..\include\cxsparse\cs.h">
      <Filter>Header Files</Filter>
    </ClInclude>
    <ClInclude Include="..\include\cxsparse\cxs.hpp">
      <Filter>Header Files</Filter>
    </ClInclude>
  </ItemGroup>
</Project>