<?xml version="1.0" encoding="utf-8"?>
<Project ToolsVersion="4.0" xmlns="http://schemas.microsoft.com/developer/msbuild/2003">
  <ItemGroup>
    <Filter Include="Source Files">
      <UniqueIdentifier>{4FC737F1-C7A5-4376-A066-2A32D752A2FF}</UniqueIdentifier>
      <Extensions>cpp;c;cc;cxx;def;odl;idl;hpj;bat;asm;asmx</Extensions>
    </Filter>
    <Filter Include="Header Files">
      <UniqueIdentifier>{93995380-89BD-4b04-88EB-625FBE52EBFB}</UniqueIdentifier>
      <Extensions>h;hpp;hxx;hm;inl;inc;xsd</Extensions>
    </Filter>
  </ItemGroup>
  <ItemGroup>
    <ClCompile Include="..\external\igraph\src\igraph\adjlist.c">
      <Filter>Source Files</Filter>
    </ClCompile>
    <ClCompile Include="..\external\igraph\src\igraph\attributes.c">
      <Filter>Source Files</Filter>
    </ClCompile>
    <ClCompile Include="..\external\igraph\src\igraph\cliques.c">
      <Filter>Source Files</Filter>
    </ClCompile>
    <ClCompile Include="..\external\igraph\src\igraph\complex.c">
      <Filter>Source Files</Filter>
    </ClCompile>
    <ClCompile Include="..\external\igraph\src\igraph\cores.c">
      <Filter>Source Files</Filter>
    </ClCompile>
    <ClCompile Include="..\external\igraph\src\igraph\dqueue.c">
      <Filter>Source Files</Filter>
    </ClCompile>
    <ClCompile Include="..\external\igraph\src\igraph\plfit\error.c">
      <Filter>Source Files</Filter>
    </ClCompile>
    <ClCompile Include="..\external\igraph\src\igraph\plfit\gss.c">
      <Filter>Source Files</Filter>
    </ClCompile>
    <ClCompile Include="..\external\igraph\src\igraph\heap.c">
      <Filter>Source Files</Filter>
    </ClCompile>
    <ClCompile Include="..\external\igraph\src\igraph\igraph_error.c">
      <Filter>Source Files</Filter>
    </ClCompile>
    <ClCompile Include="..\external\igraph\src\igraph\igraph_set.c">
      <Filter>Source Files</Filter>
    </ClCompile>
    <ClCompile Include="..\external\igraph\src\igraph\igraph_stack.c">
      <Filter>Source Files</Filter>
    </ClCompile>
    <ClCompile Include="..\external\igraph\src\igraph\interrupt.c">
      <Filter>Source Files</Filter>
    </ClCompile>
    <ClCompile Include="..\external\igraph\src\igraph\iterators.c">
      <Filter>Source Files</Filter>
    </ClCompile>
    <ClCompile Include="..\external\igraph\src\igraph\plfit\kolmogorov.c">
      <Filter>Source Files</Filter>
    </ClCompile>
    <ClCompile Include="..\external\igraph\src\igraph\plfit\lbfgs.c">
      <Filter>Source Files</Filter>
    </ClCompile>
    <ClCompile Include="..\external\igraph\src\igraph\math.c">
      <Filter>Source Files</Filter>
    </ClCompile>
    <ClCompile Include="..\external\igraph\src\igraph\matrix.c">
      <Filter>Source Files</Filter>
    </ClCompile>
    <ClCompile Include="..\external\igraph\src\igraph\maximal_cliques.c">
      <Filter>Source Files</Filter>
    </ClCompile>
    <ClCompile Include="..\external\igraph\src\igraph\memory.c">
      <Filter>Source Files</Filter>
    </ClCompile>
    <ClCompile Include="..\external\igraph\src\igraph\plfit\options.c">
      <Filter>Source Files</Filter>
    </ClCompile>
    <ClCompile Include="..\external\igraph\src\igraph\other.c">
      <Filter>Source Files</Filter>
    </ClCompile>
    <ClCompile Include="..\external\igraph\src\igraph\plfit\plfit.c">
      <Filter>Source Files</Filter>
    </ClCompile>
    <ClCompile Include="..\external\igraph\src\igraph\progress.c">
      <Filter>Source Files</Filter>
    </ClCompile>
    <ClCompile Include="..\external\igraph\src\igraph\qsort.c">
      <Filter>Source Files</Filter>
    </ClCompile>
    <ClCompile Include="..\external\igraph\src\igraph\random.c">
      <Filter>Source Files</Filter>
    </ClCompile>
    <ClCompile Include="..\external\igraph\src\igraph\structure_generators.c">
      <Filter>Source Files</Filter>
    </ClCompile>
    <ClCompile Include="..\external\igraph\src\igraph\type_indexededgelist.c">
      <Filter>Source Files</Filter>
    </ClCompile>
    <ClCompile Include="..\external\igraph\src\igraph\types.c">
      <Filter>Source Files</Filter>
    </ClCompile>
    <ClCompile Include="..\external\igraph\src\igraph\vector.c">
      <Filter>Source Files</Filter>
    </ClCompile>
    <ClCompile Include="..\external\igraph\src\igraph\vector_ptr.c">
      <Filter>Source Files</Filter>
    </ClCompile>
    <ClCompile Include="..\external\igraph\src\igraph\version.c">
      <Filter>Source Files</Filter>
    </ClCompile>
    <ClCompile Include="..\external\igraph\src\igraph\plfit\zeta.c">
      <Filter>Source Files</Filter>
    </ClCompile>
  </ItemGroup>
  <ItemGroup>
    <ClInclude Include="..\external\igraph\include\igraph\config.h">
      <Filter>Header Files</Filter>
    </ClInclude>
    <ClInclude Include="..\external\igraph\include\igraph\igraph.h">
      <Filter>Header Files</Filter>
    </ClInclude>
    <ClInclude Include="..\external\igraph\include\igraph\igraph_adjlist.h">
      <Filter>Header Files</Filter>
    </ClInclude>
    <ClInclude Include="..\external\igraph\include\igraph\igraph_arpack.h">
      <Filter>Header Files</Filter>
    </ClInclude>
    <ClInclude Include="..\external\igraph\include\igraph\igraph_array.h">
      <Filter>Header Files</Filter>
    </ClInclude>
    <ClInclude Include="..\external\igraph\include\igraph\igraph_array_pmt.h">
      <Filter>Header Files</Filter>
    </ClInclude>
    <ClInclude Include="..\external\igraph\include\igraph\igraph_attributes.h">
      <Filter>Header Files</Filter>
    </ClInclude>
    <ClInclude Include="..\external\igraph\include\igraph\igraph_bipartite.h">
      <Filter>Header Files</Filter>
    </ClInclude>
    <ClInclude Include="..\external\igraph\include\igraph\igraph_blas.h">
      <Filter>Header Files</Filter>
    </ClInclude>
    <ClInclude Include="..\external\igraph\include\igraph\igraph_centrality.h">
      <Filter>Header Files</Filter>
    </ClInclude>
    <ClInclude Include="..\external\igraph\include\igraph\igraph_cliques.h">
      <Filter>Header Files</Filter>
    </ClInclude>
    <ClInclude Include="..\external\igraph\include\igraph\igraph_cocitation.h">
      <Filter>Header Files</Filter>
    </ClInclude>
    <ClInclude Include="..\external\igraph\include\igraph\igraph_cohesive_blocks.h">
      <Filter>Header Files</Filter>
    </ClInclude>
    <ClInclude Include="..\external\igraph\include\igraph\igraph_community.h">
      <Filter>Header Files</Filter>
    </ClInclude>
    <ClInclude Include="..\external\igraph\include\igraph\igraph_complex.h">
      <Filter>Header Files</Filter>
    </ClInclude>
    <ClInclude Include="..\external\igraph\include\igraph\igraph_components.h">
      <Filter>Header Files</Filter>
    </ClInclude>
    <ClInclude Include="..\external\igraph\include\igraph\igraph_constants.h">
      <Filter>Header Files</Filter>
    </ClInclude>
    <ClInclude Include="..\external\igraph\include\igraph\igraph_constructors.h">
      <Filter>Header Files</Filter>
    </ClInclude>
    <ClInclude Include="..\external\igraph\include\igraph\igraph_conversion.h">
      <Filter>Header Files</Filter>
    </ClInclude>
    <ClInclude Include="..\external\igraph\include\igraph\igraph_datatype.h">
      <Filter>Header Files</Filter>
    </ClInclude>
    <ClInclude Include="..\external\igraph\include\igraph\igraph_dqueue.h">
      <Filter>Header Files</Filter>
    </ClInclude>
    <ClInclude Include="..\external\igraph\include\igraph\igraph_dqueue_pmt.h">
      <Filter>Header Files</Filter>
    </ClInclude>
    <ClInclude Include="..\external\igraph\include\igraph\igraph_eigen.h">
      <Filter>Header Files</Filter>
    </ClInclude>
    <ClInclude Include="..\external\igraph\include\igraph\igraph_epidemics.h">
      <Filter>Header Files</Filter>
    </ClInclude>
    <ClInclude Include="..\external\igraph\include\igraph\igraph_error.h">
      <Filter>Header Files</Filter>
    </ClInclude>
    <ClInclude Include="..\external\igraph\include\igraph\igraph_flow.h">
      <Filter>Header Files</Filter>
    </ClInclude>
    <ClInclude Include="..\external\igraph\include\igraph\igraph_foreign.h">
      <Filter>Header Files</Filter>
    </ClInclude>
    <ClInclude Include="..\external\igraph\include\igraph\igraph_games.h">
      <Filter>Header Files</Filter>
    </ClInclude>
    <ClInclude Include="..\external\igraph\include\igraph\igraph_graphlets.h">
      <Filter>Header Files</Filter>
    </ClInclude>
    <ClInclude Include="..\external\igraph\include\igraph\igraph_heap.h">
      <Filter>Header Files</Filter>
    </ClInclude>
    <ClInclude Include="..\external\igraph\include\igraph\igraph_heap_pmt.h">
      <Filter>Header Files</Filter>
    </ClInclude>
    <ClInclude Include="..\external\igraph\include\igraph\igraph_hrg.h">
      <Filter>Header Files</Filter>
    </ClInclude>
    <ClInclude Include="..\external\igraph\include\igraph\igraph_interface.h">
      <Filter>Header Files</Filter>
    </ClInclude>
    <ClInclude Include="..\external\igraph\include\igraph\igraph_interrupt.h">
      <Filter>Header Files</Filter>
    </ClInclude>
    <ClInclude Include="..\external\igraph\include\igraph\igraph_iterators.h">
      <Filter>Header Files</Filter>
    </ClInclude>
    <ClInclude Include="..\external\igraph\include\igraph\igraph_lapack.h">
      <Filter>Header Files</Filter>
    </ClInclude>
    <ClInclude Include="..\external\igraph\include\igraph\igraph_layout.h">
      <Filter>Header Files</Filter>
    </ClInclude>
    <ClInclude Include="..\external\igraph\include\igraph\igraph_matching.h">
      <Filter>Header Files</Filter>
    </ClInclude>
    <ClInclude Include="..\external\igraph\include\igraph\igraph_matrix.h">
      <Filter>Header Files</Filter>
    </ClInclude>
    <ClInclude Include="..\external\igraph\include\igraph\igraph_matrix_pmt.h">
      <Filter>Header Files</Filter>
    </ClInclude>
    <ClInclude Include="..\external\igraph\include\igraph\igraph_memory.h">
      <Filter>Header Files</Filter>
    </ClInclude>
    <ClInclude Include="..\external\igraph\include\igraph\igraph_microscopic_update.h">
      <Filter>Header Files</Filter>
    </ClInclude>
    <ClInclude Include="..\external\igraph\include\igraph\igraph_mixing.h">
      <Filter>Header Files</Filter>
    </ClInclude>
    <ClInclude Include="..\external\igraph\include\igraph\igraph_motifs.h">
      <Filter>Header Files</Filter>
    </ClInclude>
    <ClInclude Include="..\external\igraph\include\igraph\igraph_neighborhood.h">
      <Filter>Header Files</Filter>
    </ClInclude>
    <ClInclude Include="..\external\igraph\include\igraph\igraph_nongraph.h">
      <Filter>Header Files</Filter>
    </ClInclude>
    <ClInclude Include="..\external\igraph\include\igraph\igraph_operators.h">
      <Filter>Header Files</Filter>
    </ClInclude>
    <ClInclude Include="..\external\igraph\include\igraph\igraph_paths.h">
      <Filter>Header Files</Filter>
    </ClInclude>
    <ClInclude Include="..\external\igraph\include\igraph\igraph_pmt.h">
      <Filter>Header Files</Filter>
    </ClInclude>
    <ClInclude Include="..\external\igraph\include\igraph\igraph_pmt_off.h">
      <Filter>Header Files</Filter>
    </ClInclude>
    <ClInclude Include="..\external\igraph\include\igraph\igraph_progress.h">
      <Filter>Header Files</Filter>
    </ClInclude>
    <ClInclude Include="..\external\igraph\include\igraph\igraph_psumtree.h">
      <Filter>Header Files</Filter>
    </ClInclude>
    <ClInclude Include="..\external\igraph\include\igraph\igraph_qsort.h">
      <Filter>Header Files</Filter>
    </ClInclude>
    <ClInclude Include="..\external\igraph\include\igraph\igraph_random.h">
      <Filter>Header Files</Filter>
    </ClInclude>
    <ClInclude Include="..\external\igraph\include\igraph\igraph_revolver.h">
      <Filter>Header Files</Filter>
    </ClInclude>
    <ClInclude Include="..\external\igraph\include\igraph\igraph_scg.h">
      <Filter>Header Files</Filter>
    </ClInclude>
    <ClInclude Include="..\external\igraph\include\igraph\igraph_separators.h">
      <Filter>Header Files</Filter>
    </ClInclude>
    <ClInclude Include="..\external\igraph\include\igraph\igraph_sparsemat.h">
      <Filter>Header Files</Filter>
    </ClInclude>
    <ClInclude Include="..\external\igraph\include\igraph\igraph_spmatrix.h">
      <Filter>Header Files</Filter>
    </ClInclude>
    <ClInclude Include="..\external\igraph\include\igraph\igraph_stack.h">
      <Filter>Header Files</Filter>
    </ClInclude>
    <ClInclude Include="..\external\igraph\include\igraph\igraph_stack_pmt.h">
      <Filter>Header Files</Filter>
    </ClInclude>
    <ClInclude Include="..\external\igraph\include\igraph\igraph_statusbar.h">
      <Filter>Header Files</Filter>
    </ClInclude>
    <ClInclude Include="..\external\igraph\include\igraph\igraph_structural.h">
      <Filter>Header Files</Filter>
    </ClInclude>
    <ClInclude Include="..\external\igraph\include\igraph\igraph_strvector.h">
      <Filter>Header Files</Filter>
    </ClInclude>
    <ClInclude Include="..\external\igraph\include\igraph\igraph_threading.h">
      <Filter>Header Files</Filter>
    </ClInclude>
    <ClInclude Include="..\external\igraph\include\igraph\igraph_topology.h">
      <Filter>Header Files</Filter>
    </ClInclude>
    <ClInclude Include="..\external\igraph\include\igraph\igraph_transitivity.h">
      <Filter>Header Files</Filter>
    </ClInclude>
    <ClInclude Include="..\external\igraph\include\igraph\igraph_types.h">
      <Filter>Header Files</Filter>
    </ClInclude>
    <ClInclude Include="..\external\igraph\include\igraph\igraph_vector.h">
      <Filter>Header Files</Filter>
    </ClInclude>
    <ClInclude Include="..\external\igraph\include\igraph\igraph_vector_pmt.h">
      <Filter>Header Files</Filter>
    </ClInclude>
    <ClInclude Include="..\external\igraph\include\igraph\igraph_vector_ptr.h">
      <Filter>Header Files</Filter>
    </ClInclude>
    <ClInclude Include="..\external\igraph\include\igraph\igraph_vector_type.h">
      <Filter>Header Files</Filter>
    </ClInclude>
    <ClInclude Include="..\external\igraph\include\igraph\igraph_version.h">
      <Filter>Header Files</Filter>
    </ClInclude>
    <ClInclude Include="..\external\igraph\include\igraph\igraph_visitor.h">
      <Filter>Header Files</Filter>
    </ClInclude>
  </ItemGroup>
</Project>