<?xml version="1.0" encoding="utf-8"?>
<Project ToolsVersion="4.0" xmlns="http://schemas.microsoft.com/developer/msbuild/2003">
  <ItemGroup>
    <Filter Include="Header Files">
      <UniqueIdentifier>{866c8c97-a3a0-4275-b940-f18f337d4c00}</UniqueIdentifier>
    </Filter>
  </ItemGroup>
  <ItemGroup>
    <ClInclude Include="..\include\sparse_flops\cs.h">
      <Filter>Header Files</Filter>
    </ClInclude>
    <ClInclude Include="..\include\sparse_flops\cts.hpp">
      <Filter>Header Files</Filter>
    </ClInclude>
    <ClInclude Include="..\include\sparse_flops\Instrument.h">
      <Filter>Header Files</Filter>
    </ClInclude>
  </ItemGroup>
  <ItemGroup>
    <None Include="..\include\sparse_flops\cs_add_patched.inl">
      <Filter>Header Files</Filter>
    </None>
    <None Include="..\include\sparse_flops\cs_multiply_patched.inl">
      <Filter>Header Files</Filter>
    </None>
    <None Include="..\include\sparse_flops\cs_util_patched.inl">
      <Filter>Header Files</Filter>
    </None>
  </ItemGroup>
</Project>