
Microsoft Visual Studio Solution File, Format Version 10.00
# Visual Studio 2008
Project("{8BC9CEB8-8B4A-11D0-8D11-00A0C91BC942}") = "Sim3_DS_Inc", "Sim3_DS_Inc.vcproj", "{DF846497-D952-4BBC-8537-933F0746341D}"
EndProject
Global
	GlobalSection(SolutionConfigurationPlatforms) = preSolution
		Debug|Win32 = Debug|Win32
		Release|Win32 = Release|Win32
	EndGlobalSection
	GlobalSection(ProjectConfigurationPlatforms) = postSolution
		{DF846497-D952-4BBC-8537-933F0746341D}.Debug|Win32.ActiveCfg = Debug|Win32
		{DF846497-D952-4BBC-8537-933F0746341D}.Debug|Win32.Build.0 = Debug|Win32
		{DF846497-D952-4BBC-8537-933F0746341D}.Release|Win32.ActiveCfg = Release|Win32
		{DF846497-D952-4BBC-8537-933F0746341D}.Release|Win32.Build.0 = Release|Win32
	EndGlobalSection
	GlobalSection(SolutionProperties) = preSolution
		HideSolutionNode = FALSE
	EndGlobalSection
EndGlobal
